
Microsoft Visual Studio Solution File, Format Version 12.00
# Visual Studio Version 16
VisualStudioVersion = 16.0.31410.357
MinimumVisualStudioVersion = 10.0.40219.1
Project("{FAE04EC0-301F-11D3-BF4B-00C04F79EFBC}") = "MoodAnalyser", "MoodAnalyser\MoodAnalyser.csproj", "{100DFA31-4178-4A0E-A3C5-092FAB0F37B1}"
EndProject
Global
	GlobalSection(SolutionConfigurationPlatforms) = preSolution
		Debug|Any CPU = Debug|Any CPU
		Release|Any CPU = Release|Any CPU
	EndGlobalSection
	GlobalSection(ProjectConfigurationPlatforms) = postSolution
		{100DFA31-4178-4A0E-A3C5-092FAB0F37B1}.Debug|Any CPU.ActiveCfg = Debug|Any CPU
		{100DFA31-4178-4A0E-A3C5-092FAB0F37B1}.Debug|Any CPU.Build.0 = Debug|Any CPU
		{100DFA31-4178-4A0E-A3C5-092FAB0F37B1}.Release|Any CPU.ActiveCfg = Release|Any CPU
		{100DFA31-4178-4A0E-A3C5-092FAB0F37B1}.Release|Any CPU.Build.0 = Release|Any CPU
	EndGlobalSection
	GlobalSection(SolutionProperties) = preSolution
		HideSolutionNode = FALSE
	EndGlobalSection
	GlobalSection(ExtensibilityGlobals) = postSolution
		SolutionGuid = {2938E051-5E19-4C94-935C-9FA0D1E005D4}
	EndGlobalSection
EndGlobal
